
Microsoft Visual Studio Solution File, Format Version 12.00
# Visual Studio Version 17
VisualStudioVersion = 17.2.32602.215
MinimumVisualStudioVersion = 10.0.40219.1
Project("{FAE04EC0-301F-11D3-BF4B-00C04F79EFBC}") = "classFraction", "classFraction.csproj", "{CD6192D8-FCE1-4505-93F0-B0CA6375AD88}"
EndProject
Global
	GlobalSection(SolutionConfigurationPlatforms) = preSolution
		Debug|Any CPU = Debug|Any CPU
		Release|Any CPU = Release|Any CPU
	EndGlobalSection
	GlobalSection(ProjectConfigurationPlatforms) = postSolution
		{CD6192D8-FCE1-4505-93F0-B0CA6375AD88}.Debug|Any CPU.ActiveCfg = Debug|Any CPU
		{CD6192D8-FCE1-4505-93F0-B0CA6375AD88}.Debug|Any CPU.Build.0 = Debug|Any CPU
		{CD6192D8-FCE1-4505-93F0-B0CA6375AD88}.Release|Any CPU.ActiveCfg = Release|Any CPU
		{CD6192D8-FCE1-4505-93F0-B0CA6375AD88}.Release|Any CPU.Build.0 = Release|Any CPU
	EndGlobalSection
	GlobalSection(SolutionProperties) = preSolution
		HideSolutionNode = FALSE
	EndGlobalSection
	GlobalSection(ExtensibilityGlobals) = postSolution
		SolutionGuid = {BEB40C48-3712-4D1B-8931-5D269994C62E}
	EndGlobalSection
EndGlobal
